
Microsoft Visual Studio Solution File, Format Version 12.00
# Visual Studio Version 16
VisualStudioVersion = 16.0.30011.22
MinimumVisualStudioVersion = 10.0.40219.1
Project("{FAE04EC0-301F-11D3-BF4B-00C04F79EFBC}") = "SampleApp", "SampleApp.csproj", "{1FC36B07-E963-401B-94C0-0B5D46186460}"
EndProject
Global
	GlobalSection(SolutionConfigurationPlatforms) = preSolution
		Debug|Any CPU = Debug|Any CPU
		Release|Any CPU = Release|Any CPU
	EndGlobalSection
	GlobalSection(ProjectConfigurationPlatforms) = postSolution
		{1FC36B07-E963-401B-94C0-0B5D46186460}.Debug|Any CPU.ActiveCfg = Debug|Any CPU
		{1FC36B07-E963-401B-94C0-0B5D46186460}.Debug|Any CPU.Build.0 = Debug|Any CPU
		{1FC36B07-E963-401B-94C0-0B5D46186460}.Release|Any CPU.ActiveCfg = Release|Any CPU
		{1FC36B07-E963-401B-94C0-0B5D46186460}.Release|Any CPU.Build.0 = Release|Any CPU
	EndGlobalSection
	GlobalSection(SolutionProperties) = preSolution
		HideSolutionNode = FALSE
	EndGlobalSection
	GlobalSection(ExtensibilityGlobals) = postSolution
		SolutionGuid = {642DAD4C-AAAC-4168-89AE-624A0505621D}
	EndGlobalSection
EndGlobal
